lockfileVersion: '9.0'

settings:
  autoInstallPeers: true
  excludeLinksFromLockfile: false

importers:

  .:
    dependencies:
      nan:
        specifier: ^2.22.0
        version: 2.22.0
    devDependencies:
      tree-sitter-cli:
        specifier: ^0.20.8
        version: 0.20.8

packages:

  nan@2.22.0:
    resolution: {integrity: sha512-nbajikzWTMwsW+eSsNm3QwlOs7het9gGJU5dDZzRTQGk03vyBOauxgI4VakDzE0PtsGTmXPsXTbbjVhRwR5mpw==}

  tree-sitter-cli@0.20.8:
    resolution: {integrity: sha512-XjTcS3wdTy/2cc/ptMLc/WRyOLECRYcMTrSWyhZnj1oGSOWbHLTklgsgRICU3cPfb0vy+oZCC33M43u6R1HSCA==}
    hasBin: true

snapshots:

  nan@2.22.0: {}

  tree-sitter-cli@0.20.8: {}
